
Microsoft Visual Studio Solution File, Format Version 12.00
# Visual Studio Version 17
VisualStudioVersion = 17.5.33516.290
MinimumVisualStudioVersion = 10.0.40219.1
Project("{9A19103F-16F7-4668-BE54-9A1E7A4F7556}") = "SimpleWpfApp", "SimpleWpfApp\SimpleWpfApp.csproj", "{8F00309F-9FEC-48C9-8B8D-01284B9F2D04}"
EndProject
Project("{9A19103F-16F7-4668-BE54-9A1E7A4F7556}") = "SimpleWpfData", "SimpleWpfData\SimpleWpfData.csproj", "{4C8A3A02-0BDA-4C65-BA3D-FB2CF1D40E3A}"
EndProject
Project("{FAE04EC0-301F-11D3-BF4B-00C04F79EFBC}") = "SimpleWpfApi", "SimpleWpfApi\SimpleWpfApi.csproj", "{3987482C-14FD-4798-85E7-55004BDD05C4}"
EndProject
Global
	GlobalSection(SolutionConfigurationPlatforms) = preSolution
		Debug|Any CPU = Debug|Any CPU
		Release|Any CPU = Release|Any CPU
	EndGlobalSection
	GlobalSection(ProjectConfigurationPlatforms) = postSolution
		{8F00309F-9FEC-48C9-8B8D-01284B9F2D04}.Debug|Any CPU.ActiveCfg = Debug|Any CPU
		{8F00309F-9FEC-48C9-8B8D-01284B9F2D04}.Debug|Any CPU.Build.0 = Debug|Any CPU
		{8F00309F-9FEC-48C9-8B8D-01284B9F2D04}.Release|Any CPU.ActiveCfg = Release|Any CPU
		{8F00309F-9FEC-48C9-8B8D-01284B9F2D04}.Release|Any CPU.Build.0 = Release|Any CPU
		{4C8A3A02-0BDA-4C65-BA3D-FB2CF1D40E3A}.Debug|Any CPU.ActiveCfg = Debug|Any CPU
		{4C8A3A02-0BDA-4C65-BA3D-FB2CF1D40E3A}.Debug|Any CPU.Build.0 = Debug|Any CPU
		{4C8A3A02-0BDA-4C65-BA3D-FB2CF1D40E3A}.Release|Any CPU.ActiveCfg = Release|Any CPU
		{4C8A3A02-0BDA-4C65-BA3D-FB2CF1D40E3A}.Release|Any CPU.Build.0 = Release|Any CPU
		{3987482C-14FD-4798-85E7-55004BDD05C4}.Debug|Any CPU.ActiveCfg = Debug|Any CPU
		{3987482C-14FD-4798-85E7-55004BDD05C4}.Debug|Any CPU.Build.0 = Debug|Any CPU
		{3987482C-14FD-4798-85E7-55004BDD05C4}.Release|Any CPU.ActiveCfg = Release|Any CPU
		{3987482C-14FD-4798-85E7-55004BDD05C4}.Release|Any CPU.Build.0 = Release|Any CPU
	EndGlobalSection
	GlobalSection(SolutionProperties) = preSolution
		HideSolutionNode = FALSE
	EndGlobalSection
	GlobalSection(ExtensibilityGlobals) = postSolution
		SolutionGuid = {A0FA075B-E508-49B6-96D1-062E85EF8F5F}
	EndGlobalSection
EndGlobal
